
Microsoft Visual Studio Solution File, Format Version 12.00
# Visual Studio 2013
VisualStudioVersion = 12.0.21005.1
MinimumVisualStudioVersion = 10.0.40219.1
Project("{FAE04EC0-301F-11D3-BF4B-00C04F79EFBC}") = "DataMatrixEncoder", "DataMatrixEncoder\DataMatrixEncoder.csproj", "{A6562EDD-0B17-42CC-863F-B7CD19C86087}"
EndProject
Project("{FAE04EC0-301F-11D3-BF4B-00C04F79EFBC}") = "DataMatrixEncoderLib", "DataMatrixEncoderLib\DataMatrixEncoderLib.csproj", "{A292AD7F-44D7-4F44-BA88-25A9BC97A3CD}"
EndProject
Project("{FAE04EC0-301F-11D3-BF4B-00C04F79EFBC}") = "DataMatrixEncoderLibTest", "DataMatrixEncoderLibTest\DataMatrixEncoderLibTest.csproj", "{4A8E204C-5D84-4702-A5CB-0393B4686020}"
EndProject
Global
	GlobalSection(SolutionConfigurationPlatforms) = preSolution
		Debug|Any CPU = Debug|Any CPU
		Release|Any CPU = Release|Any CPU
	EndGlobalSection
	GlobalSection(ProjectConfigurationPlatforms) = postSolution
		{A6562EDD-0B17-42CC-863F-B7CD19C86087}.Debug|Any CPU.ActiveCfg = Debug|Any CPU
		{A6562EDD-0B17-42CC-863F-B7CD19C86087}.Debug|Any CPU.Build.0 = Debug|Any CPU
		{A6562EDD-0B17-42CC-863F-B7CD19C86087}.Release|Any CPU.ActiveCfg = Release|Any CPU
		{A6562EDD-0B17-42CC-863F-B7CD19C86087}.Release|Any CPU.Build.0 = Release|Any CPU
		{A292AD7F-44D7-4F44-BA88-25A9BC97A3CD}.Debug|Any CPU.ActiveCfg = Debug|Any CPU
		{A292AD7F-44D7-4F44-BA88-25A9BC97A3CD}.Debug|Any CPU.Build.0 = Debug|Any CPU
		{A292AD7F-44D7-4F44-BA88-25A9BC97A3CD}.Release|Any CPU.ActiveCfg = Release|Any CPU
		{A292AD7F-44D7-4F44-BA88-25A9BC97A3CD}.Release|Any CPU.Build.0 = Release|Any CPU
		{4A8E204C-5D84-4702-A5CB-0393B4686020}.Debug|Any CPU.ActiveCfg = Debug|Any CPU
		{4A8E204C-5D84-4702-A5CB-0393B4686020}.Debug|Any CPU.Build.0 = Debug|Any CPU
		{4A8E204C-5D84-4702-A5CB-0393B4686020}.Release|Any CPU.ActiveCfg = Release|Any CPU
		{4A8E204C-5D84-4702-A5CB-0393B4686020}.Release|Any CPU.Build.0 = Release|Any CPU
	EndGlobalSection
	GlobalSection(SolutionProperties) = preSolution
		HideSolutionNode = FALSE
	EndGlobalSection
EndGlobal
